{
  "version": 4,
  "terraform_version": "1.12.2",
  "serial": 58,
  "lineage": "d9a6672a-9025-4d49-e0bd-6e2489a1b712",
  "outputs": {
    "s3_bucket_website_endpoint": {
      "value": "commercial-manager-front-prod-s3.s3-website.us-east-2.amazonaws.com",
      "type": "string"
    }
  },
  "resources": [
    {
      "module": "module.codepipeline",
      "mode": "data",
      "type": "aws_caller_identity",
      "name": "current",
      "provider": "provider[\"registry.terraform.io/hashicorp/aws\"]",
      "instances": [
        {
          "schema_version": 0,
          "attributes": {
            "account_id": "077784309645",
            "arn": "arn:aws:iam::077784309645:user/tt-terraform-deployer",
            "id": "077784309645",
            "user_id": "AIDAREHCOL6G6GSBDPA6N"
          },
          "sensitive_attributes": [],
          "identity_schema_version": 0
        }
      ]
    },
    {
      "module": "module.codepipeline",
      "mode": "managed",
      "type": "aws_codebuild_project",
      "name": "main",
      "provider": "provider[\"registry.terraform.io/hashicorp/aws\"]",
      "instances": [
        {
          "schema_version": 0,
          "attributes": {
            "arn": "arn:aws:codebuild:us-east-2:077784309645:project/commercial-manager-front-prod-build",
            "artifacts": [
              {
                "artifact_identifier": "",
                "bucket_owner_access": "",
                "encryption_disabled": false,
                "location": "",
                "name": "commercial-manager-front-prod-build",
                "namespace_type": "",
                "override_artifact_name": false,
                "packaging": "NONE",
                "path": "",
                "type": "CODEPIPELINE"
              }
            ],
            "badge_enabled": false,
            "badge_url": "",
            "build_batch_config": [],
            "build_timeout": 20,
            "cache": [
              {
                "location": "",
                "modes": [],
                "type": "NO_CACHE"
              }
            ],
            "concurrent_build_limit": 0,
            "description": "Builds the Docker image for the commercial-manager-front application.",
            "encryption_key": "arn:aws:kms:us-east-2:077784309645:alias/aws/s3",
            "environment": [
              {
                "certificate": "",
                "compute_type": "BUILD_GENERAL1_SMALL",
                "environment_variable": [
                  {
                    "name": "API_ENDPOINT_URL",
                    "type": "PLAINTEXT",
                    "value": "http://3.137.190.150"
                  }
                ],
                "fleet": [],
                "image": "aws/codebuild/standard:5.0",
                "image_pull_credentials_type": "CODEBUILD",
                "privileged_mode": true,
                "registry_credential": [],
                "type": "LINUX_CONTAINER"
              }
            ],
            "file_system_locations": [],
            "id": "arn:aws:codebuild:us-east-2:077784309645:project/commercial-manager-front-prod-build",
            "logs_config": [
              {
                "cloudwatch_logs": [
                  {
                    "group_name": "",
                    "status": "ENABLED",
                    "stream_name": ""
                  }
                ],
                "s3_logs": [
                  {
                    "bucket_owner_access": "",
                    "encryption_disabled": false,
                    "location": "",
                    "status": "DISABLED"
                  }
                ]
              }
            ],
            "name": "commercial-manager-front-prod-build",
            "project_visibility": "PRIVATE",
            "public_project_alias": "",
            "queued_timeout": 480,
            "resource_access_role": "",
            "secondary_artifacts": [],
            "secondary_source_version": [],
            "secondary_sources": [],
            "service_role": "arn:aws:iam::077784309645:role/commercial-manager-front-prod-codebuild-role",
            "source": [
              {
                "auth": [],
                "build_status_config": [],
                "buildspec": "buildspec.yml",
                "git_clone_depth": 0,
                "git_submodules_config": [],
                "insecure_ssl": false,
                "location": "",
                "report_build_status": false,
                "type": "CODEPIPELINE"
              }
            ],
            "source_version": "",
            "tags": {
              "Environment": "prod",
              "Name": "commercial-manager-front-prod-build",
              "Project": "commercial-manager-front"
            },
            "tags_all": {
              "Environment": "prod",
              "Name": "commercial-manager-front-prod-build",
              "Project": "commercial-manager-front"
            },
            "vpc_config": []
          },
          "sensitive_attributes": [],
          "identity_schema_version": 0,
          "private": "bnVsbA==",
          "dependencies": [
            "module.codepipeline.aws_iam_role.codebuild_role"
          ]
        }
      ]
    },
    {
      "module": "module.codepipeline",
      "mode": "managed",
      "type": "aws_codepipeline",
      "name": "main",
      "provider": "provider[\"registry.terraform.io/hashicorp/aws\"]",
      "instances": [
        {
          "schema_version": 0,
          "attributes": {
            "arn": "arn:aws:codepipeline:us-east-2:077784309645:commercial-manager-front-prod-pipeline",
            "artifact_store": [
              {
                "encryption_key": [],
                "location": "commercial-manager-front-prod-cp-artifacts-077784309645",
                "region": "",
                "type": "S3"
              }
            ],
            "execution_mode": "SUPERSEDED",
            "id": "commercial-manager-front-prod-pipeline",
            "name": "commercial-manager-front-prod-pipeline",
            "pipeline_type": "V1",
            "role_arn": "arn:aws:iam::077784309645:role/commercial-manager-front-prod-codepipeline-role",
            "stage": [
              {
                "action": [
                  {
                    "category": "Source",
                    "configuration": {
                      "BranchName": "main",
                      "ConnectionArn": "arn:aws:codeconnections:us-east-2:077784309645:connection/27d89f46-7cb6-40c2-a55e-327dda887d75",
                      "FullRepositoryId": "sarazapatasaldarriaga/comercial_manager_front"
                    },
                    "input_artifacts": [],
                    "name": "Source",
                    "namespace": "",
                    "output_artifacts": [
                      "source_output"
                    ],
                    "owner": "AWS",
                    "provider": "CodeStarSourceConnection",
                    "region": "",
                    "role_arn": "",
                    "run_order": 1,
                    "timeout_in_minutes": 0,
                    "version": "1"
                  }
                ],
                "before_entry": [],
                "name": "Source",
                "on_failure": [],
                "on_success": []
              },
              {
                "action": [
                  {
                    "category": "Build",
                    "configuration": {
                      "ProjectName": "commercial-manager-front-prod-build"
                    },
                    "input_artifacts": [
                      "source_output"
                    ],
                    "name": "Build",
                    "namespace": "",
                    "output_artifacts": [
                      "build_output"
                    ],
                    "owner": "AWS",
                    "provider": "CodeBuild",
                    "region": "",
                    "role_arn": "",
                    "run_order": 1,
                    "timeout_in_minutes": 0,
                    "version": "1"
                  }
                ],
                "before_entry": [],
                "name": "Build",
                "on_failure": [],
                "on_success": []
              },
              {
                "action": [
                  {
                    "category": "Deploy",
                    "configuration": {
                      "BucketName": "commercial-manager-front-prod-s3",
                      "Extract": "true"
                    },
                    "input_artifacts": [
                      "build_output"
                    ],
                    "name": "Deploy",
                    "namespace": "",
                    "output_artifacts": [],
                    "owner": "AWS",
                    "provider": "S3",
                    "region": "",
                    "role_arn": "",
                    "run_order": 1,
                    "timeout_in_minutes": 0,
                    "version": "1"
                  }
                ],
                "before_entry": [],
                "name": "Deploy",
                "on_failure": [],
                "on_success": []
              }
            ],
            "tags": {
              "Environment": "prod",
              "Name": "commercial-manager-front-prod-pipeline",
              "Project": "commercial-manager-front"
            },
            "tags_all": {
              "Environment": "prod",
              "Name": "commercial-manager-front-prod-pipeline",
              "Project": "commercial-manager-front"
            },
            "trigger": [],
            "trigger_all": [],
            "variable": []
          },
          "sensitive_attributes": [],
          "identity_schema_version": 0,
          "private": "bnVsbA==",
          "dependencies": [
            "module.codepipeline.aws_codebuild_project.main",
            "module.codepipeline.aws_iam_role.codebuild_role",
            "module.codepipeline.aws_iam_role.codepipeline_role",
            "module.codepipeline.aws_s3_bucket.codepipeline_artifacts",
            "module.codepipeline.data.aws_caller_identity.current",
            "module.s3.aws_s3_bucket.main"
          ]
        }
      ]
    },
    {
      "module": "module.codepipeline",
      "mode": "managed",
      "type": "aws_iam_policy",
      "name": "codebuild_policy",
      "provider": "provider[\"registry.terraform.io/hashicorp/aws\"]",
      "instances": [
        {
          "schema_version": 0,
          "attributes": {
            "arn": "arn:aws:iam::077784309645:policy/commercial-manager-front-prod-codebuild-policy",
            "attachment_count": 1,
            "description": "Policy for CodeBuild",
            "id": "arn:aws:iam::077784309645:policy/commercial-manager-front-prod-codebuild-policy",
            "name": "commercial-manager-front-prod-codebuild-policy",
            "name_prefix": "",
            "path": "/",
            "policy": "{\"Statement\":[{\"Action\":[\"logs:CreateLogGroup\",\"logs:CreateLogStream\",\"logs:PutLogEvents\"],\"Effect\":\"Allow\",\"Resource\":\"*\"},{\"Action\":[\"s3:GetObject\",\"s3:GetObjectVersion\",\"s3:GetBucketVersioning\",\"s3:PutObject\",\"s3:PutObjectAcl\",\"s3:ListBucket\"],\"Effect\":\"Allow\",\"Resource\":[\"arn:aws:s3:::commercial-manager-front-prod-cp-artifacts-077784309645/*\",\"arn:aws:s3:::commercial-manager-front-prod-s3/*\"]}],\"Version\":\"2012-10-17\"}",
            "policy_id": "ANPAREHCOL6GQA5D6TUTS",
            "tags": {},
            "tags_all": {}
          },
          "sensitive_attributes": [],
          "identity_schema_version": 0,
          "private": "bnVsbA==",
          "dependencies": [
            "module.codepipeline.aws_s3_bucket.codepipeline_artifacts",
            "module.codepipeline.data.aws_caller_identity.current",
            "module.s3.aws_s3_bucket.main"
          ]
        }
      ]
    },
    {
      "module": "module.codepipeline",
      "mode": "managed",
      "type": "aws_iam_policy",
      "name": "codepipeline_policy",
      "provider": "provider[\"registry.terraform.io/hashicorp/aws\"]",
      "instances": [
        {
          "schema_version": 0,
          "attributes": {
            "arn": "arn:aws:iam::077784309645:policy/commercial-manager-front-prod-codepipeline-policy",
            "attachment_count": 1,
            "description": "Policy for CodePipeline",
            "id": "arn:aws:iam::077784309645:policy/commercial-manager-front-prod-codepipeline-policy",
            "name": "commercial-manager-front-prod-codepipeline-policy",
            "name_prefix": "",
            "path": "/",
            "policy": "{\"Statement\":[{\"Action\":[\"s3:GetObject\",\"s3:GetObjectVersion\",\"s3:GetBucketVersioning\",\"s3:PutObjectAcl\",\"s3:PutObject\",\"s3:ListBucket\"],\"Effect\":\"Allow\",\"Resource\":[\"arn:aws:s3:::commercial-manager-front-prod-cp-artifacts-077784309645/*\",\"arn:aws:s3:::commercial-manager-front-prod-s3/*\"]},{\"Action\":[\"codestar-connections:UseConnection\"],\"Effect\":\"Allow\",\"Resource\":\"arn:aws:codeconnections:us-east-2:077784309645:connection/27d89f46-7cb6-40c2-a55e-327dda887d75\"},{\"Action\":[\"codebuild:BatchGetBuilds\",\"codebuild:StartBuild\"],\"Effect\":\"Allow\",\"Resource\":\"*\"}],\"Version\":\"2012-10-17\"}",
            "policy_id": "ANPAREHCOL6G5TOSEQLKX",
            "tags": {},
            "tags_all": {}
          },
          "sensitive_attributes": [],
          "identity_schema_version": 0,
          "private": "bnVsbA==",
          "dependencies": [
            "module.codepipeline.aws_s3_bucket.codepipeline_artifacts",
            "module.codepipeline.data.aws_caller_identity.current",
            "module.s3.aws_s3_bucket.main"
          ]
        }
      ]
    },
    {
      "module": "module.codepipeline",
      "mode": "managed",
      "type": "aws_iam_role",
      "name": "codebuild_role",
      "provider": "provider[\"registry.terraform.io/hashicorp/aws\"]",
      "instances": [
        {
          "schema_version": 0,
          "attributes": {
            "arn": "arn:aws:iam::077784309645:role/commercial-manager-front-prod-codebuild-role",
            "assume_role_policy": "{\"Statement\":[{\"Action\":\"sts:AssumeRole\",\"Effect\":\"Allow\",\"Principal\":{\"Service\":\"codebuild.amazonaws.com\"}}],\"Version\":\"2012-10-17\"}",
            "create_date": "2025-08-14T18:05:27Z",
            "description": "",
            "force_detach_policies": false,
            "id": "commercial-manager-front-prod-codebuild-role",
            "inline_policy": [],
            "managed_policy_arns": [
              "arn:aws:iam::077784309645:policy/commercial-manager-front-prod-codebuild-policy"
            ],
            "max_session_duration": 3600,
            "name": "commercial-manager-front-prod-codebuild-role",
            "name_prefix": "",
            "path": "/",
            "permissions_boundary": "",
            "tags": {
              "Environment": "prod",
              "Name": "commercial-manager-front-prod-codebuild-role",
              "Project": "commercial-manager-front"
            },
            "tags_all": {
              "Environment": "prod",
              "Name": "commercial-manager-front-prod-codebuild-role",
              "Project": "commercial-manager-front"
            },
            "unique_id": "AROAREHCOL6G6CCZQVC6C"
          },
          "sensitive_attributes": [],
          "identity_schema_version": 0,
          "private": "bnVsbA=="
        }
      ]
    },
    {
      "module": "module.codepipeline",
      "mode": "managed",
      "type": "aws_iam_role",
      "name": "codepipeline_role",
      "provider": "provider[\"registry.terraform.io/hashicorp/aws\"]",
      "instances": [
        {
          "schema_version": 0,
          "attributes": {
            "arn": "arn:aws:iam::077784309645:role/commercial-manager-front-prod-codepipeline-role",
            "assume_role_policy": "{\"Statement\":[{\"Action\":\"sts:AssumeRole\",\"Effect\":\"Allow\",\"Principal\":{\"Service\":\"codepipeline.amazonaws.com\"}}],\"Version\":\"2012-10-17\"}",
            "create_date": "2025-08-14T18:05:27Z",
            "description": "",
            "force_detach_policies": false,
            "id": "commercial-manager-front-prod-codepipeline-role",
            "inline_policy": [],
            "managed_policy_arns": [
              "arn:aws:iam::077784309645:policy/commercial-manager-front-prod-codepipeline-policy"
            ],
            "max_session_duration": 3600,
            "name": "commercial-manager-front-prod-codepipeline-role",
            "name_prefix": "",
            "path": "/",
            "permissions_boundary": "",
            "tags": {
              "Environment": "prod",
              "Name": "commercial-manager-front-prod-codepipeline-role",
              "Project": "commercial-manager-front"
            },
            "tags_all": {
              "Environment": "prod",
              "Name": "commercial-manager-front-prod-codepipeline-role",
              "Project": "commercial-manager-front"
            },
            "unique_id": "AROAREHCOL6GRFSEF64R6"
          },
          "sensitive_attributes": [],
          "identity_schema_version": 0,
          "private": "bnVsbA=="
        }
      ]
    },
    {
      "module": "module.codepipeline",
      "mode": "managed",
      "type": "aws_iam_role_policy_attachment",
      "name": "codebuild_policy_attachment",
      "provider": "provider[\"registry.terraform.io/hashicorp/aws\"]",
      "instances": [
        {
          "schema_version": 0,
          "attributes": {
            "id": "commercial-manager-front-prod-codebuild-role-20250814180530884300000002",
            "policy_arn": "arn:aws:iam::077784309645:policy/commercial-manager-front-prod-codebuild-policy",
            "role": "commercial-manager-front-prod-codebuild-role"
          },
          "sensitive_attributes": [],
          "identity_schema_version": 0,
          "private": "bnVsbA==",
          "dependencies": [
            "module.codepipeline.aws_iam_policy.codebuild_policy",
            "module.codepipeline.aws_iam_role.codebuild_role",
            "module.codepipeline.aws_s3_bucket.codepipeline_artifacts",
            "module.codepipeline.data.aws_caller_identity.current",
            "module.s3.aws_s3_bucket.main"
          ]
        }
      ]
    },
    {
      "module": "module.codepipeline",
      "mode": "managed",
      "type": "aws_iam_role_policy_attachment",
      "name": "codepipeline_policy_attachment",
      "provider": "provider[\"registry.terraform.io/hashicorp/aws\"]",
      "instances": [
        {
          "schema_version": 0,
          "attributes": {
            "id": "commercial-manager-front-prod-codepipeline-role-20250814180530788300000001",
            "policy_arn": "arn:aws:iam::077784309645:policy/commercial-manager-front-prod-codepipeline-policy",
            "role": "commercial-manager-front-prod-codepipeline-role"
          },
          "sensitive_attributes": [],
          "identity_schema_version": 0,
          "private": "bnVsbA==",
          "dependencies": [
            "module.codepipeline.aws_iam_policy.codepipeline_policy",
            "module.codepipeline.aws_iam_role.codepipeline_role",
            "module.codepipeline.aws_s3_bucket.codepipeline_artifacts",
            "module.codepipeline.data.aws_caller_identity.current",
            "module.s3.aws_s3_bucket.main"
          ]
        }
      ]
    },
    {
      "module": "module.codepipeline",
      "mode": "managed",
      "type": "aws_s3_bucket",
      "name": "codepipeline_artifacts",
      "provider": "provider[\"registry.terraform.io/hashicorp/aws\"]",
      "instances": [
        {
          "schema_version": 0,
          "attributes": {
            "acceleration_status": "",
            "acl": null,
            "arn": "arn:aws:s3:::commercial-manager-front-prod-cp-artifacts-077784309645",
            "bucket": "commercial-manager-front-prod-cp-artifacts-077784309645",
            "bucket_domain_name": "commercial-manager-front-prod-cp-artifacts-077784309645.s3.amazonaws.com",
            "bucket_prefix": "",
            "bucket_regional_domain_name": "commercial-manager-front-prod-cp-artifacts-077784309645.s3.us-east-2.amazonaws.com",
            "cors_rule": [],
            "force_destroy": false,
            "grant": [
              {
                "id": "0d469f26f04c649d72245a18106d269619036ae920b72f3ce404290d375e4920",
                "permissions": [
                  "FULL_CONTROL"
                ],
                "type": "CanonicalUser",
                "uri": ""
              }
            ],
            "hosted_zone_id": "Z2O1EMRO9K5GLX",
            "id": "commercial-manager-front-prod-cp-artifacts-077784309645",
            "lifecycle_rule": [],
            "logging": [],
            "object_lock_configuration": [],
            "object_lock_enabled": false,
            "policy": "",
            "region": "us-east-2",
            "replication_configuration": [],
            "request_payer": "BucketOwner",
            "server_side_encryption_configuration": [
              {
                "rule": [
                  {
                    "apply_server_side_encryption_by_default": [
                      {
                        "kms_master_key_id": "",
                        "sse_algorithm": "AES256"
                      }
                    ],
                    "bucket_key_enabled": false
                  }
                ]
              }
            ],
            "tags": {
              "Environment": "prod",
              "Name": "commercial-manager-front-prod-codepipeline-artifacts",
              "Project": "commercial-manager-front"
            },
            "tags_all": {
              "Environment": "prod",
              "Name": "commercial-manager-front-prod-codepipeline-artifacts",
              "Project": "commercial-manager-front"
            },
            "timeouts": null,
            "versioning": [
              {
                "enabled": false,
                "mfa_delete": false
              }
            ],
            "website": [],
            "website_domain": null,
            "website_endpoint": null
          },
          "sensitive_attributes": [],
          "identity_schema_version": 0,
          "private": "eyJlMmJmYjczMC1lY2FhLTExZTYtOGY4OC0zNDM2M2JjN2M0YzAiOnsiY3JlYXRlIjoxMjAwMDAwMDAwMDAwLCJkZWxldGUiOjM2MDAwMDAwMDAwMDAsInJlYWQiOjEyMDAwMDAwMDAwMDAsInVwZGF0ZSI6MTIwMDAwMDAwMDAwMH19",
          "dependencies": [
            "module.codepipeline.data.aws_caller_identity.current"
          ]
        }
      ]
    },
    {
      "module": "module.s3",
      "mode": "data",
      "type": "aws_iam_policy_document",
      "name": "s3_policy",
      "provider": "provider[\"registry.terraform.io/hashicorp/aws\"]",
      "instances": [
        {
          "schema_version": 0,
          "attributes": {
            "id": "2930096571",
            "json": "{\n  \"Version\": \"2012-10-17\",\n  \"Statement\": [\n    {\n      \"Effect\": \"Allow\",\n      \"Action\": \"s3:GetObject\",\n      \"Resource\": \"arn:aws:s3:::commercial-manager-front-prod-s3/*\",\n      \"Principal\": {\n        \"AWS\": \"*\"\n      }\n    }\n  ]\n}",
            "minified_json": "{\"Version\":\"2012-10-17\",\"Statement\":[{\"Effect\":\"Allow\",\"Action\":\"s3:GetObject\",\"Resource\":\"arn:aws:s3:::commercial-manager-front-prod-s3/*\",\"Principal\":{\"AWS\":\"*\"}}]}",
            "override_json": null,
            "override_policy_documents": null,
            "policy_id": null,
            "source_json": null,
            "source_policy_documents": null,
            "statement": [
              {
                "actions": [
                  "s3:GetObject"
                ],
                "condition": [],
                "effect": "Allow",
                "not_actions": [],
                "not_principals": [],
                "not_resources": [],
                "principals": [
                  {
                    "identifiers": [
                      "*"
                    ],
                    "type": "AWS"
                  }
                ],
                "resources": [
                  "arn:aws:s3:::commercial-manager-front-prod-s3/*"
                ],
                "sid": ""
              }
            ],
            "version": "2012-10-17"
          },
          "sensitive_attributes": [],
          "identity_schema_version": 0
        }
      ]
    },
    {
      "module": "module.s3",
      "mode": "managed",
      "type": "aws_s3_bucket",
      "name": "main",
      "provider": "provider[\"registry.terraform.io/hashicorp/aws\"]",
      "instances": [
        {
          "schema_version": 0,
          "attributes": {
            "acceleration_status": "",
            "acl": null,
            "arn": "arn:aws:s3:::commercial-manager-front-prod-s3",
            "bucket": "commercial-manager-front-prod-s3",
            "bucket_domain_name": "commercial-manager-front-prod-s3.s3.amazonaws.com",
            "bucket_prefix": "",
            "bucket_regional_domain_name": "commercial-manager-front-prod-s3.s3.us-east-2.amazonaws.com",
            "cors_rule": [],
            "force_destroy": false,
            "grant": [
              {
                "id": "0d469f26f04c649d72245a18106d269619036ae920b72f3ce404290d375e4920",
                "permissions": [
                  "FULL_CONTROL"
                ],
                "type": "CanonicalUser",
                "uri": ""
              }
            ],
            "hosted_zone_id": "Z2O1EMRO9K5GLX",
            "id": "commercial-manager-front-prod-s3",
            "lifecycle_rule": [],
            "logging": [],
            "object_lock_configuration": [],
            "object_lock_enabled": false,
            "policy": "{\"Statement\":[{\"Action\":\"s3:GetObject\",\"Effect\":\"Allow\",\"Principal\":{\"AWS\":\"*\"},\"Resource\":\"arn:aws:s3:::commercial-manager-front-prod-s3/*\"}],\"Version\":\"2012-10-17\"}",
            "region": "us-east-2",
            "replication_configuration": [],
            "request_payer": "BucketOwner",
            "server_side_encryption_configuration": [
              {
                "rule": [
                  {
                    "apply_server_side_encryption_by_default": [
                      {
                        "kms_master_key_id": "",
                        "sse_algorithm": "AES256"
                      }
                    ],
                    "bucket_key_enabled": false
                  }
                ]
              }
            ],
            "tags": {
              "Environment": "prod",
              "Name": "commercial-manager-front-prod-s3",
              "Project": "commercial-manager-front"
            },
            "tags_all": {
              "Environment": "prod",
              "Name": "commercial-manager-front-prod-s3",
              "Project": "commercial-manager-front"
            },
            "timeouts": null,
            "versioning": [
              {
                "enabled": false,
                "mfa_delete": false
              }
            ],
            "website": [
              {
                "error_document": "index.html",
                "index_document": "index.html",
                "redirect_all_requests_to": "",
                "routing_rules": ""
              }
            ],
            "website_domain": "s3-website.us-east-2.amazonaws.com",
            "website_endpoint": "commercial-manager-front-prod-s3.s3-website.us-east-2.amazonaws.com"
          },
          "sensitive_attributes": [],
          "identity_schema_version": 0,
          "private": "eyJlMmJmYjczMC1lY2FhLTExZTYtOGY4OC0zNDM2M2JjN2M0YzAiOnsiY3JlYXRlIjoxMjAwMDAwMDAwMDAwLCJkZWxldGUiOjM2MDAwMDAwMDAwMDAsInJlYWQiOjEyMDAwMDAwMDAwMDAsInVwZGF0ZSI6MTIwMDAwMDAwMDAwMH19"
        }
      ]
    },
    {
      "module": "module.s3",
      "mode": "managed",
      "type": "aws_s3_bucket_policy",
      "name": "main",
      "provider": "provider[\"registry.terraform.io/hashicorp/aws\"]",
      "instances": [
        {
          "schema_version": 0,
          "attributes": {
            "bucket": "commercial-manager-front-prod-s3",
            "id": "commercial-manager-front-prod-s3",
            "policy": "{\"Statement\":[{\"Action\":\"s3:GetObject\",\"Effect\":\"Allow\",\"Principal\":{\"AWS\":\"*\"},\"Resource\":\"arn:aws:s3:::commercial-manager-front-prod-s3/*\"}],\"Version\":\"2012-10-17\"}"
          },
          "sensitive_attributes": [],
          "identity_schema_version": 0,
          "private": "bnVsbA==",
          "dependencies": [
            "module.s3.aws_s3_bucket.main",
            "module.s3.data.aws_iam_policy_document.s3_policy"
          ]
        }
      ]
    },
    {
      "module": "module.s3",
      "mode": "managed",
      "type": "aws_s3_bucket_public_access_block",
      "name": "main",
      "provider": "provider[\"registry.terraform.io/hashicorp/aws\"]",
      "instances": [
        {
          "schema_version": 0,
          "attributes": {
            "block_public_acls": false,
            "block_public_policy": false,
            "bucket": "commercial-manager-front-prod-s3",
            "id": "commercial-manager-front-prod-s3",
            "ignore_public_acls": false,
            "restrict_public_buckets": false
          },
          "sensitive_attributes": [],
          "identity_schema_version": 0,
          "private": "bnVsbA==",
          "dependencies": [
            "module.s3.aws_s3_bucket.main"
          ]
        }
      ]
    },
    {
      "module": "module.s3",
      "mode": "managed",
      "type": "aws_s3_bucket_website_configuration",
      "name": "main",
      "provider": "provider[\"registry.terraform.io/hashicorp/aws\"]",
      "instances": [
        {
          "schema_version": 0,
          "attributes": {
            "bucket": "commercial-manager-front-prod-s3",
            "error_document": [
              {
                "key": "index.html"
              }
            ],
            "expected_bucket_owner": "",
            "id": "commercial-manager-front-prod-s3",
            "index_document": [
              {
                "suffix": "index.html"
              }
            ],
            "redirect_all_requests_to": [],
            "routing_rule": [],
            "routing_rules": "",
            "website_domain": "s3-website.us-east-2.amazonaws.com",
            "website_endpoint": "commercial-manager-front-prod-s3.s3-website.us-east-2.amazonaws.com"
          },
          "sensitive_attributes": [],
          "identity_schema_version": 0,
          "private": "bnVsbA==",
          "dependencies": [
            "module.s3.aws_s3_bucket.main"
          ]
        }
      ]
    }
  ],
  "check_results": null
}
